
Microsoft Visual Studio Solution File, Format Version 12.00
# Visual Studio 15
VisualStudioVersion = 15.0.28307.438
MinimumVisualStudioVersion = 10.0.40219.1
Project("{2150E333-8FDC-42A3-9474-1A3956D46DE8}") = "API", "API", "{173FD7D1-B8E8-4BE3-980D-7FDD62D42DED}"
EndProject
Project("{2150E333-8FDC-42A3-9474-1A3956D46DE8}") = "Application", "Application", "{44266C33-C15C-4DC4-8515-EFCAB58FA9CD}"
EndProject
Project("{2150E333-8FDC-42A3-9474-1A3956D46DE8}") = "Domain", "Domain", "{1D5E398B-DEBE-42BB-A8EF-16FA0B694548}"
EndProject
Project("{9A19103F-16F7-4668-BE54-9A1E7A4F7556}") = "Vitol.Enzo.CRM.Application", "Vitol.Enzo.CRM.Application\Vitol.Enzo.CRM.Application.csproj", "{7E5A2E04-1F94-4964-BB48-266CEEB9D69A}"
EndProject
Project("{9A19103F-16F7-4668-BE54-9A1E7A4F7556}") = "Vitol.Enzo.CRM.ApplicationInterface", "Vitol.Enzo.CRM.ApplicationInterface\Vitol.Enzo.CRM.ApplicationInterface.csproj", "{533FD30B-0ADF-48ED-97E2-E15F9FCF27A8}"
EndProject
Project("{9A19103F-16F7-4668-BE54-9A1E7A4F7556}") = "Vitol.Enzo.CRM.Domain", "Vitol.Enzo.CRM.Domain\Vitol.Enzo.CRM.Domain.csproj", "{081B7B5C-09B5-4177-B84A-2963F5CE6A39}"
EndProject
Project("{2150E333-8FDC-42A3-9474-1A3956D46DE8}") = "Infrastructure", "Infrastructure", "{E1E88679-FD6A-4314-A610-3B24BCCB15A5}"
EndProject
Project("{9A19103F-16F7-4668-BE54-9A1E7A4F7556}") = "Vitol.Enzo.CRM.Infrastructure", "Vitol.Enzo.CRM.Infrastructure\Vitol.Enzo.CRM.Infrastructure.csproj", "{CB35370F-BE2E-4A3B-B99C-4460307E7AF1}"
EndProject
Project("{9A19103F-16F7-4668-BE54-9A1E7A4F7556}") = "Vitol.Enzo.CRM.InfrastructureInterface", "Vitol.Enzo.CRM.InfrastructureInterface\Vitol.Enzo.CRM.InfrastructureInterface.csproj", "{BC1DAC93-8D37-41EF-831D-E89306C40D6A}"
EndProject
Project("{2150E333-8FDC-42A3-9474-1A3956D46DE8}") = "Common", "Common", "{1496EA65-F2E1-46E6-96AB-042205ED9BD1}"
EndProject
Project("{9A19103F-16F7-4668-BE54-9A1E7A4F7556}") = "Vitol.Enzo.API.CRM.Core", "Vitol.Enzo.API.CRM.Core\Vitol.Enzo.API.CRM.Core.csproj", "{0959696C-1C33-46FB-8EC5-B2B456D1F682}"
EndProject
Project("{9A19103F-16F7-4668-BE54-9A1E7A4F7556}") = "Vitol.Enzo.CRM.Core", "Vitol.Enzo.CRM.Core\Vitol.Enzo.CRM.Core.csproj", "{20E51267-493A-4CFA-B740-ADD807640E54}"
EndProject
Project("{9A19103F-16F7-4668-BE54-9A1E7A4F7556}") = "Vitol.Enzo.CRM.ServiceConnector", "Vitol.Enzo.CRM.ServiceConnector\Vitol.Enzo.CRM.ServiceConnector.csproj", "{36667A59-9748-433E-AAA8-2FFACC3E7B57}"
EndProject
Project("{9A19103F-16F7-4668-BE54-9A1E7A4F7556}") = "Vitol.Enzo.CRM.ServiceConnectorInterface", "Vitol.Enzo.CRM.ServiceConnectorInterface\Vitol.Enzo.CRM.ServiceConnectorInterface.csproj", "{4EE260AF-452C-4E31-A62E-941BFE89D7D2}"
EndProject
Project("{2150E333-8FDC-42A3-9474-1A3956D46DE8}") = "ServiceConnector", "ServiceConnector", "{579D1858-5FDA-43F4-AFC4-59247F6731AC}"
EndProject
Project("{9A19103F-16F7-4668-BE54-9A1E7A4F7556}") = "Vitol.Enzo.CRM.ServiceProvider", "Vitol.Enzo.ServiceProvider\Vitol.Enzo.CRM.ServiceProvider.csproj", "{5DBFBCBC-F2EE-4C68-BCF2-4E4E98256050}"
EndProject
Project("{9A19103F-16F7-4668-BE54-9A1E7A4F7556}") = "Vitol.Enzo.CRM.ServiceProviderInterface", "Vitol.Enzo.CRM.ServiceProviderInterface\Vitol.Enzo.CRM.ServiceProviderInterface.csproj", "{CEB54D17-CABF-46B6-A903-9A08178222DE}"
EndProject
Project("{9A19103F-16F7-4668-BE54-9A1E7A4F7556}") = "EnzoCRMTriggerServiceAPI", "Vitol.Enzo.CRM.API\EnzoCRMTriggerServiceAPI.csproj", "{E4154860-054F-4863-9E84-F45CB429CD7C}"
EndProject
Project("{2150E333-8FDC-42A3-9474-1A3956D46DE8}") = "Testing", "Testing", "{F227CF2E-28B1-4B8C-B449-EF29D854EB67}"
EndProject
Project("{9A19103F-16F7-4668-BE54-9A1E7A4F7556}") = "Vitol.Enzo.CRM.API.Test", "Vitol.Enzo.CRM.API.Test\Vitol.Enzo.CRM.API.Test.csproj", "{50BC8A18-E7C4-403A-8A7A-2F0526C57755}"
EndProject
Project("{9A19103F-16F7-4668-BE54-9A1E7A4F7556}") = "Vitol.Enzo.CRM.ViewModel", "Vitol.Enzo.CRM.ViewModel\Vitol.Enzo.CRM.ViewModel.csproj", "{E0D02342-4030-4C37-AB5B-D913665DAB74}"
EndProject
Global
	GlobalSection(SolutionConfigurationPlatforms) = preSolution
		Debug|Any CPU = Debug|Any CPU
		Release|Any CPU = Release|Any CPU
	EndGlobalSection
	GlobalSection(ProjectConfigurationPlatforms) = postSolution
		{7E5A2E04-1F94-4964-BB48-266CEEB9D69A}.Debug|Any CPU.ActiveCfg = Debug|Any CPU
		{7E5A2E04-1F94-4964-BB48-266CEEB9D69A}.Debug|Any CPU.Build.0 = Debug|Any CPU
		{7E5A2E04-1F94-4964-BB48-266CEEB9D69A}.Release|Any CPU.ActiveCfg = Release|Any CPU
		{7E5A2E04-1F94-4964-BB48-266CEEB9D69A}.Release|Any CPU.Build.0 = Release|Any CPU
		{533FD30B-0ADF-48ED-97E2-E15F9FCF27A8}.Debug|Any CPU.ActiveCfg = Debug|Any CPU
		{533FD30B-0ADF-48ED-97E2-E15F9FCF27A8}.Debug|Any CPU.Build.0 = Debug|Any CPU
		{533FD30B-0ADF-48ED-97E2-E15F9FCF27A8}.Release|Any CPU.ActiveCfg = Release|Any CPU
		{533FD30B-0ADF-48ED-97E2-E15F9FCF27A8}.Release|Any CPU.Build.0 = Release|Any CPU
		{081B7B5C-09B5-4177-B84A-2963F5CE6A39}.Debug|Any CPU.ActiveCfg = Debug|Any CPU
		{081B7B5C-09B5-4177-B84A-2963F5CE6A39}.Debug|Any CPU.Build.0 = Debug|Any CPU
		{081B7B5C-09B5-4177-B84A-2963F5CE6A39}.Release|Any CPU.ActiveCfg = Release|Any CPU
		{081B7B5C-09B5-4177-B84A-2963F5CE6A39}.Release|Any CPU.Build.0 = Release|Any CPU
		{CB35370F-BE2E-4A3B-B99C-4460307E7AF1}.Debug|Any CPU.ActiveCfg = Debug|Any CPU
		{CB35370F-BE2E-4A3B-B99C-4460307E7AF1}.Debug|Any CPU.Build.0 = Debug|Any CPU
		{CB35370F-BE2E-4A3B-B99C-4460307E7AF1}.Release|Any CPU.ActiveCfg = Release|Any CPU
		{CB35370F-BE2E-4A3B-B99C-4460307E7AF1}.Release|Any CPU.Build.0 = Release|Any CPU
		{BC1DAC93-8D37-41EF-831D-E89306C40D6A}.Debug|Any CPU.ActiveCfg = Debug|Any CPU
		{BC1DAC93-8D37-41EF-831D-E89306C40D6A}.Debug|Any CPU.Build.0 = Debug|Any CPU
		{BC1DAC93-8D37-41EF-831D-E89306C40D6A}.Release|Any CPU.ActiveCfg = Release|Any CPU
		{BC1DAC93-8D37-41EF-831D-E89306C40D6A}.Release|Any CPU.Build.0 = Release|Any CPU
		{0959696C-1C33-46FB-8EC5-B2B456D1F682}.Debug|Any CPU.ActiveCfg = Debug|Any CPU
		{0959696C-1C33-46FB-8EC5-B2B456D1F682}.Debug|Any CPU.Build.0 = Debug|Any CPU
		{0959696C-1C33-46FB-8EC5-B2B456D1F682}.Release|Any CPU.ActiveCfg = Release|Any CPU
		{0959696C-1C33-46FB-8EC5-B2B456D1F682}.Release|Any CPU.Build.0 = Release|Any CPU
		{20E51267-493A-4CFA-B740-ADD807640E54}.Debug|Any CPU.ActiveCfg = Debug|Any CPU
		{20E51267-493A-4CFA-B740-ADD807640E54}.Debug|Any CPU.Build.0 = Debug|Any CPU
		{20E51267-493A-4CFA-B740-ADD807640E54}.Release|Any CPU.ActiveCfg = Release|Any CPU
		{20E51267-493A-4CFA-B740-ADD807640E54}.Release|Any CPU.Build.0 = Release|Any CPU
		{36667A59-9748-433E-AAA8-2FFACC3E7B57}.Debug|Any CPU.ActiveCfg = Debug|Any CPU
		{36667A59-9748-433E-AAA8-2FFACC3E7B57}.Debug|Any CPU.Build.0 = Debug|Any CPU
		{36667A59-9748-433E-AAA8-2FFACC3E7B57}.Release|Any CPU.ActiveCfg = Release|Any CPU
		{36667A59-9748-433E-AAA8-2FFACC3E7B57}.Release|Any CPU.Build.0 = Release|Any CPU
		{4EE260AF-452C-4E31-A62E-941BFE89D7D2}.Debug|Any CPU.ActiveCfg = Debug|Any CPU
		{4EE260AF-452C-4E31-A62E-941BFE89D7D2}.Debug|Any CPU.Build.0 = Debug|Any CPU
		{4EE260AF-452C-4E31-A62E-941BFE89D7D2}.Release|Any CPU.ActiveCfg = Release|Any CPU
		{4EE260AF-452C-4E31-A62E-941BFE89D7D2}.Release|Any CPU.Build.0 = Release|Any CPU
		{5DBFBCBC-F2EE-4C68-BCF2-4E4E98256050}.Debug|Any CPU.ActiveCfg = Debug|Any CPU
		{5DBFBCBC-F2EE-4C68-BCF2-4E4E98256050}.Debug|Any CPU.Build.0 = Debug|Any CPU
		{5DBFBCBC-F2EE-4C68-BCF2-4E4E98256050}.Release|Any CPU.ActiveCfg = Release|Any CPU
		{5DBFBCBC-F2EE-4C68-BCF2-4E4E98256050}.Release|Any CPU.Build.0 = Release|Any CPU
		{CEB54D17-CABF-46B6-A903-9A08178222DE}.Debug|Any CPU.ActiveCfg = Debug|Any CPU
		{CEB54D17-CABF-46B6-A903-9A08178222DE}.Debug|Any CPU.Build.0 = Debug|Any CPU
		{CEB54D17-CABF-46B6-A903-9A08178222DE}.Release|Any CPU.ActiveCfg = Release|Any CPU
		{CEB54D17-CABF-46B6-A903-9A08178222DE}.Release|Any CPU.Build.0 = Release|Any CPU
		{E4154860-054F-4863-9E84-F45CB429CD7C}.Debug|Any CPU.ActiveCfg = Debug|Any CPU
		{E4154860-054F-4863-9E84-F45CB429CD7C}.Debug|Any CPU.Build.0 = Debug|Any CPU
		{E4154860-054F-4863-9E84-F45CB429CD7C}.Release|Any CPU.ActiveCfg = Release|Any CPU
		{E4154860-054F-4863-9E84-F45CB429CD7C}.Release|Any CPU.Build.0 = Release|Any CPU
		{50BC8A18-E7C4-403A-8A7A-2F0526C57755}.Debug|Any CPU.ActiveCfg = Debug|Any CPU
		{50BC8A18-E7C4-403A-8A7A-2F0526C57755}.Debug|Any CPU.Build.0 = Debug|Any CPU
		{50BC8A18-E7C4-403A-8A7A-2F0526C57755}.Release|Any CPU.ActiveCfg = Release|Any CPU
		{50BC8A18-E7C4-403A-8A7A-2F0526C57755}.Release|Any CPU.Build.0 = Release|Any CPU
		{E0D02342-4030-4C37-AB5B-D913665DAB74}.Debug|Any CPU.ActiveCfg = Debug|Any CPU
		{E0D02342-4030-4C37-AB5B-D913665DAB74}.Debug|Any CPU.Build.0 = Debug|Any CPU
		{E0D02342-4030-4C37-AB5B-D913665DAB74}.Release|Any CPU.ActiveCfg = Release|Any CPU
		{E0D02342-4030-4C37-AB5B-D913665DAB74}.Release|Any CPU.Build.0 = Release|Any CPU
	EndGlobalSection
	GlobalSection(SolutionProperties) = preSolution
		HideSolutionNode = FALSE
	EndGlobalSection
	GlobalSection(NestedProjects) = preSolution
		{7E5A2E04-1F94-4964-BB48-266CEEB9D69A} = {44266C33-C15C-4DC4-8515-EFCAB58FA9CD}
		{533FD30B-0ADF-48ED-97E2-E15F9FCF27A8} = {44266C33-C15C-4DC4-8515-EFCAB58FA9CD}
		{081B7B5C-09B5-4177-B84A-2963F5CE6A39} = {1D5E398B-DEBE-42BB-A8EF-16FA0B694548}
		{CB35370F-BE2E-4A3B-B99C-4460307E7AF1} = {E1E88679-FD6A-4314-A610-3B24BCCB15A5}
		{BC1DAC93-8D37-41EF-831D-E89306C40D6A} = {E1E88679-FD6A-4314-A610-3B24BCCB15A5}
		{0959696C-1C33-46FB-8EC5-B2B456D1F682} = {1496EA65-F2E1-46E6-96AB-042205ED9BD1}
		{20E51267-493A-4CFA-B740-ADD807640E54} = {1496EA65-F2E1-46E6-96AB-042205ED9BD1}
		{36667A59-9748-433E-AAA8-2FFACC3E7B57} = {579D1858-5FDA-43F4-AFC4-59247F6731AC}
		{4EE260AF-452C-4E31-A62E-941BFE89D7D2} = {579D1858-5FDA-43F4-AFC4-59247F6731AC}
		{5DBFBCBC-F2EE-4C68-BCF2-4E4E98256050} = {579D1858-5FDA-43F4-AFC4-59247F6731AC}
		{CEB54D17-CABF-46B6-A903-9A08178222DE} = {579D1858-5FDA-43F4-AFC4-59247F6731AC}
		{E4154860-054F-4863-9E84-F45CB429CD7C} = {173FD7D1-B8E8-4BE3-980D-7FDD62D42DED}
		{50BC8A18-E7C4-403A-8A7A-2F0526C57755} = {F227CF2E-28B1-4B8C-B449-EF29D854EB67}
		{E0D02342-4030-4C37-AB5B-D913665DAB74} = {1D5E398B-DEBE-42BB-A8EF-16FA0B694548}
	EndGlobalSection
	GlobalSection(ExtensibilityGlobals) = postSolution
		SolutionGuid = {DA48D71A-6CA5-421F-A431-5BCD0B8AEB6D}
	EndGlobalSection
EndGlobal
